// !$*UTF8*$!
{
	archiveVersion = 1;
	classes = {
	};
	objectVersion = 46;
	objects = {
/* Begin PBXBuildFile section */
		0207DA581B56EA530066E2B4 /* Images.xcassets in Resources */ = {isa = PBXBuildFile; fileRef = 0207DA571B56EA530066E2B4 /* Images.xcassets */; };
		1D3623260D0F684500981E51 /* AppDelegate.m in Sources */ = {isa = PBXBuildFile; fileRef = 1D3623250D0F684500981E51 /* AppDelegate.m */; };
		1D60589B0D05DD56006BFB54 /* main.m in Sources */ = {isa = PBXBuildFile; fileRef = 29B97316FDCFA39411CA2CEA /* main.m */; };
		301BF552109A68D80062928A /* libCordova.a in Frameworks */ = {isa = PBXBuildFile; fileRef = 301BF535109A57CC0062928A /* libCordova.a */; };
		302D95F114D2391D003F00A1 /* MainViewController.m in Sources */ = {isa = PBXBuildFile; fileRef = 302D95EF14D2391D003F00A1 /* MainViewController.m */; };
		302D95F214D2391D003F00A1 /* MainViewController.xib in Resources */ = {isa = PBXBuildFile; fileRef = 302D95F014D2391D003F00A1 /* MainViewController.xib */; };
		3047A5121AB8059700498E2A /* build-debug.xcconfig in Resources */ = {isa = PBXBuildFile; fileRef = 3047A50F1AB8059700498E2A /* build-debug.xcconfig */; };
		3047A5131AB8059700498E2A /* build-release.xcconfig in Resources */ = {isa = PBXBuildFile; fileRef = 3047A5101AB8059700498E2A /* build-release.xcconfig */; };
		3047A5141AB8059700498E2A /* build.xcconfig in Resources */ = {isa = PBXBuildFile; fileRef = 3047A5111AB8059700498E2A /* build.xcconfig */; };
		6AFF5BF91D6E424B00AB3073 /* CDVLaunchScreen.storyboard in Resources */ = {isa = PBXBuildFile; fileRef = 6AFF5BF81D6E424B00AB3073 /* CDVLaunchScreen.storyboard */; };
		EFFB13D4F8464D44A60FBECA /* ActionSheet.m in Sources */ = {isa = PBXBuildFile; fileRef = 77D6A1BD39A244799F651D0B /* ActionSheet.m */; };
		4103762B2D5B43BA9F88A0DE /* Calendar.m in Sources */ = {isa = PBXBuildFile; fileRef = EF8B183E2CC6455A933A73F2 /* Calendar.m */; };
		63C6814CA99D4E5B930469D1 /* EventKit.framework in Frameworks */ = {isa = PBXBuildFile; fileRef = 76FC464A70B44B5A88F52778 /* EventKit.framework */; };
		1B187733856A48C3878ED74B /* EventKitUI.framework in Frameworks */ = {isa = PBXBuildFile; fileRef = B3637DA335BE4322880D1280 /* EventKitUI.framework */; };
		BC2761FFEE774B71B8C4F57E /* UIImage+CropScaleOrientation.m in Sources */ = {isa = PBXBuildFile; fileRef = 8BF5754B73074608977122A8 /* UIImage+CropScaleOrientation.m */; };
		BB029BFDC65A4B62A4AD0DF0 /* CDVCamera.m in Sources */ = {isa = PBXBuildFile; fileRef = 8246773872064FA081660632 /* CDVCamera.m */; };
		AD513701D453456FA145A086 /* CDVJpegHeaderWriter.m in Sources */ = {isa = PBXBuildFile; fileRef = 0A6F01E3BA364079A95DB39A /* CDVJpegHeaderWriter.m */; };
		00B53B3B9DCC4F3B96637CDE /* ImageIO.framework in Frameworks */ = {isa = PBXBuildFile; fileRef = C47D819E44CD4A8E885DB6C2 /* ImageIO.framework */; settings = {ATTRIBUTES = (Weak, ); }; };
		2A92750D6CE54F02994CC6CD /* CoreLocation.framework in Frameworks */ = {isa = PBXBuildFile; fileRef = 41934FC0A21F471EAD364E25 /* CoreLocation.framework */; };
		4800A61F3D954529B2C7D12C /* AVFoundation.framework in Frameworks */ = {isa = PBXBuildFile; fileRef = 4BC4EB63AD9A47E2887E2E3F /* AVFoundation.framework */; };
		396DC4D3CE644694919EFAE3 /* CDVLogger.m in Sources */ = {isa = PBXBuildFile; fileRef = 317BE9DA664B42F1B5FEFAAE /* CDVLogger.m */; };
		0A026E305CFD4111B9E2EBDB /* DatePicker.m in Sources */ = {isa = PBXBuildFile; fileRef = F1FB9026375B4B96BDA1F699 /* DatePicker.m */; };
		681416C43E244A689A4C2C0C /* DatePicker.xib in Resources */ = {isa = PBXBuildFile; fileRef = 076DB7C9F981424F8B99E9A3 /* DatePicker.xib */; };
		26267DD1BA524EEABABE4D35 /* CDVDevice.m in Sources */ = {isa = PBXBuildFile; fileRef = B1EDC1B2F8C4478BB89069DC /* CDVDevice.m */; };
		A12E67112DEC4FC592735F3C /* CDVFile.m in Sources */ = {isa = PBXBuildFile; fileRef = A7E031FA82604D78AC459E1A /* CDVFile.m */; };
		B91B981BE646420C97FF39C6 /* CDVLocalFilesystem.m in Sources */ = {isa = PBXBuildFile; fileRef = 4459ABE84B274F5695DB69B9 /* CDVLocalFilesystem.m */; };
		69A92A0ECFEE456F971647A3 /* CDVAssetLibraryFilesystem.m in Sources */ = {isa = PBXBuildFile; fileRef = 303267A62F4F4293AE7BDEEB /* CDVAssetLibraryFilesystem.m */; };
		AC778514B6924596ADC776D3 /* CDVCapture.m in Sources */ = {isa = PBXBuildFile; fileRef = 98CEC6E4FEE34ADFBC5F1256 /* CDVCapture.m */; };
		280A3495C61D4A81B6A27DE2 /* CDVCapture.bundle in Resources */ = {isa = PBXBuildFile; fileRef = 0F1A5564337F438185EAA03E /* CDVCapture.bundle */; };
		5E75E9D65BD748B28CFF1304 /* CDVSplashScreen.m in Sources */ = {isa = PBXBuildFile; fileRef = 548FE03DAF7C4680B9193C99 /* CDVSplashScreen.m */; };
		C40FB14689784F67AF5B8206 /* CDVViewController+SplashScreen.m in Sources */ = {isa = PBXBuildFile; fileRef = 5B434B37F1BF428A8575ADD6 /* CDVViewController+SplashScreen.m */; };
		BBD82DDEE4AC4F91B858577C /* CDVStatusBar.m in Sources */ = {isa = PBXBuildFile; fileRef = 7F48A0D649144E9381718E89 /* CDVStatusBar.m */; };
		5DA2FF26C0F140C6826D5777 /* Toast+UIView.m in Sources */ = {isa = PBXBuildFile; fileRef = 9B4F813BC94D4666890FCC6E /* Toast+UIView.m */; };
		5F7C9F2178794768B6BBFC94 /* Toast.m in Sources */ = {isa = PBXBuildFile; fileRef = 5270C652360D45BC8BE01FF7 /* Toast.m */; };
		ADB886519C1B431B8E16A33D /* QuartzCore.framework in Frameworks */ = {isa = PBXBuildFile; fileRef = 28C200C3B0B8461584756B9D /* QuartzCore.framework */; };
		F1E60E14BC11455C82CD522A /* SQLitePlugin.m in Sources */ = {isa = PBXBuildFile; fileRef = B3763F4CB72B4CAA911D326C /* SQLitePlugin.m */; };
		77B7CEE56CC1420C91D73ED6 /* sqlite3.c in Resources */ = {isa = PBXBuildFile; fileRef = 3ADDE92B3A8643CABE7275BA /* sqlite3.c */; settings = {COMPILER_FLAGS = "-DSQLITE_THREADSAFE=1 -DSQLITE_DEFAULT_MEMSTATUS=0 -DSQLITE_OMIT_DECLTYPE -DSQLITE_OMIT_DEPRECATED -DSQLITE_OMIT_PROGRESS_CALLBACK -DSQLITE_OMIT_SHARED_CACHE -DSQLITE_TEMP_STORE=2 -DSQLITE_OMIT_LOAD_EXTENSION -DSQLITE_ENABLE_FTS3 -DSQLITE_ENABLE_FTS3_PARENTHESIS -DSQLITE_ENABLE_FTS4 -DSQLITE_ENABLE_RTREE -DSQLITE_DEFAULT_PAGE_SIZE=1024 -DSQLITE_DEFAULT_CACHE_SIZE=2000"; }; };
		DF02FE92048B4250BD1E6867 /* IonicKeyboard.m in Sources */ = {isa = PBXBuildFile; fileRef = 4424DA17D777461A80CCCB64 /* IonicKeyboard.m */; };
		05FD3BC37CDF4F32886038DC /* OneSignalPush.m in Sources */ = {isa = PBXBuildFile; fileRef = 550CD524DABA4310B3B87DA8 /* OneSignalPush.m */; };
		91E4B23C08AB4DEE9FDD2D23 /* SystemConfiguration.framework in Frameworks */ = {isa = PBXBuildFile; fileRef = 09CE1AA1EC514C96B7E643E6 /* SystemConfiguration.framework */; };
		2629F958E71D46BB94EB8107 /* SOSPicker.m in Sources */ = {isa = PBXBuildFile; fileRef = B056B652032446E6A2253663 /* SOSPicker.m */; };
		8C2258D6F83D4120A3A505A5 /* UIImage+fixOrientation.m in Sources */ = {isa = PBXBuildFile; fileRef = BAA02FB3664A44E78831BE7E /* UIImage+fixOrientation.m */; };
		10E6CA707DF1424695D6D176 /* GMAlbumsViewCell.m in Sources */ = {isa = PBXBuildFile; fileRef = 74312661F85F4A33980E31D4 /* GMAlbumsViewCell.m */; };
		4BC07751460B45A5A23A8B19 /* GMAlbumsViewController.m in Sources */ = {isa = PBXBuildFile; fileRef = 083792B1853C452A8425CE4B /* GMAlbumsViewController.m */; };
		33BA2FDD79E54B5F93CD06CA /* GMFetchItem.m in Sources */ = {isa = PBXBuildFile; fileRef = A32C6BB1912740E7839AB296 /* GMFetchItem.m */; };
		F6E09691D3C345A2AEFD560C /* GMGridViewCell.m in Sources */ = {isa = PBXBuildFile; fileRef = 4A7D0DC049924A2FBF317A62 /* GMGridViewCell.m */; };
		295265D3EAB044A888ED3F63 /* GMGridViewController.m in Sources */ = {isa = PBXBuildFile; fileRef = C9C7624480FF4F829CB61517 /* GMGridViewController.m */; };
		9906A68660D04E7682F47647 /* GMImagePickerController.m in Sources */ = {isa = PBXBuildFile; fileRef = 92BADF6078534AAFB617260D /* GMImagePickerController.m */; };
		8FBB09F777304BE684785F62 /* PSYBlockTimer.m in Sources */ = {isa = PBXBuildFile; fileRef = 3046CB6AF933477FB56449F3 /* PSYBlockTimer.m */; };
		392E96AE33B24A4DA52621CD /* GMPHAsset.m in Sources */ = {isa = PBXBuildFile; fileRef = 0CE0AB6A7228499BA7393797 /* GMPHAsset.m */; };
		5258F38C8F8E4BFDA05D3007 /* GMEmptyFolder@1x.png in Resources */ = {isa = PBXBuildFile; fileRef = CCC3E926068B4E86A41A0177 /* GMEmptyFolder@1x.png */; };
		ABE00436001D4F2D9F82377E /* GMEmptyFolder@2x.png in Resources */ = {isa = PBXBuildFile; fileRef = 917820A756354D4FAAE1AE8A /* GMEmptyFolder@2x.png */; };
		D7405F1728684F919936AF92 /* GMSelected.png in Resources */ = {isa = PBXBuildFile; fileRef = 307E534B676B4CD9B292C80F /* GMSelected.png */; };
		992DC21BB0D4472CB6B03043 /* GMSelected@2x.png in Resources */ = {isa = PBXBuildFile; fileRef = 63A3148E612F4F978B643E5F /* GMSelected@2x.png */; };
		BCCDE1F3DB494B0EA5646CBB /* GMVideoIcon.png in Resources */ = {isa = PBXBuildFile; fileRef = AB80DC64F7D14E3E95390319 /* GMVideoIcon.png */; };
		952FC6E9EA5F4ED594154F59 /* GMVideoIcon@2x.png in Resources */ = {isa = PBXBuildFile; fileRef = 741A7DA4E34F4109A3E02223 /* GMVideoIcon@2x.png */; };
		5C0A22182B2946ECB19AAE52 /* ca.lproj in Resources */ = {isa = PBXBuildFile; fileRef = B3AFF1627B3C4D389079F800 /* ca.lproj */; };
		845C05F35C974F10B0579701 /* de.lproj in Resources */ = {isa = PBXBuildFile; fileRef = 1AD6C50A31F54AC297851054 /* de.lproj */; };
		7021DD8393124BC98882B059 /* en.lproj in Resources */ = {isa = PBXBuildFile; fileRef = 760701D69F8F4E11B2D701C4 /* en.lproj */; };
		047A728504CB43D7B15872D4 /* es.lproj in Resources */ = {isa = PBXBuildFile; fileRef = 3F672795D8D346A8B4E13A8D /* es.lproj */; };
		5FF907AC415B48B4872FA776 /* fr.lproj in Resources */ = {isa = PBXBuildFile; fileRef = 53C3D6D40D4643F5A99B621F /* fr.lproj */; };
		20DE42E53C4049F0B6035DD9 /* it.lproj in Resources */ = {isa = PBXBuildFile; fileRef = 50D3B44D212844688C08F4C9 /* it.lproj */; };
		55C18FB260AC47C3842B51F7 /* pt.lproj in Resources */ = {isa = PBXBuildFile; fileRef = D6B8A0B20ACA486E895D7454 /* pt.lproj */; };
		F0DFA2AECA174EEC84EB19F4 /* Accelerate.framework in Frameworks */ = {isa = PBXBuildFile; fileRef = AA90D391DF4546A2A6AD57B3 /* Accelerate.framework */; };
		F653AF38ED1941E3849E18A3 /* Security.framework in Frameworks */ = {isa = PBXBuildFile; fileRef = 0750CEE3EE924003B769406A /* Security.framework */; };
		907104C9849F42E889BDAEF3 /* Photos.framework in Frameworks */ = {isa = PBXBuildFile; fileRef = 81180EADD5B2455DB4E6E697 /* Photos.framework */; };
		0376A053891940128441BA58 /* CDVInAppBrowser.m in Sources */ = {isa = PBXBuildFile; fileRef = 8678AE461D354DBB82A13CB6 /* CDVInAppBrowser.m */; };
/* End PBXBuildFile section */

/* Begin PBXContainerItemProxy section */
		301BF534109A57CC0062928A /* PBXContainerItemProxy */ = {
			isa = PBXContainerItemProxy;
			containerPortal = 301BF52D109A57CC0062928A /* CordovaLib.xcodeproj */;
			proxyType = 2;
			remoteGlobalIDString = D2AAC07E0554694100DB518D;
			remoteInfo = CordovaLib;
		};
		301BF550109A68C00062928A /* PBXContainerItemProxy */ = {
			isa = PBXContainerItemProxy;
			containerPortal = 301BF52D109A57CC0062928A /* CordovaLib.xcodeproj */;
			proxyType = 1;
			remoteGlobalIDString = D2AAC07D0554694100DB518D;
			remoteInfo = CordovaLib;
		};
/* End PBXContainerItemProxy section */

/* Begin PBXFileReference section */
		0207DA571B56EA530066E2B4 /* Images.xcassets */ = {isa = PBXFileReference; lastKnownFileType = folder.assetcatalog; name = Images.xcassets; path = "Briddgge/Images.xcassets"; sourceTree = SOURCE_ROOT; };
		1D3623240D0F684500981E51 /* AppDelegate.h */ = {isa = PBXFileReference; fileEncoding = 4; lastKnownFileType = sourcecode.c.h; path = AppDelegate.h; sourceTree = "<group>"; };
		1D3623250D0F684500981E51 /* AppDelegate.m */ = {isa = PBXFileReference; fileEncoding = 4; lastKnownFileType = sourcecode.c.objc; path = AppDelegate.m; sourceTree = "<group>"; };
		1D6058910D05DD3D006BFB54 /* Briddgge.app */ = {isa = PBXFileReference; explicitFileType = wrapper.application; includeInIndex = 0; path = "Briddgge.app"; sourceTree = BUILT_PRODUCTS_DIR; };
		29B97316FDCFA39411CA2CEA /* main.m */ = {isa = PBXFileReference; fileEncoding = 4; lastKnownFileType = sourcecode.c.objc; path = main.m; sourceTree = "<group>"; };
		301BF52D109A57CC0062928A /* CordovaLib.xcodeproj */ = {isa = PBXFileReference; lastKnownFileType = "wrapper.pb-project"; path = CordovaLib/CordovaLib.xcodeproj; sourceTree = "<group>"; };
		301BF56E109A69640062928A /* www */ = {isa = PBXFileReference; lastKnownFileType = folder; path = www; sourceTree = SOURCE_ROOT; };
		302D95EE14D2391D003F00A1 /* MainViewController.h */ = {isa = PBXFileReference; fileEncoding = 4; lastKnownFileType = sourcecode.c.h; path = MainViewController.h; sourceTree = "<group>"; };
		302D95EF14D2391D003F00A1 /* MainViewController.m */ = {isa = PBXFileReference; fileEncoding = 4; lastKnownFileType = sourcecode.c.objc; path = MainViewController.m; sourceTree = "<group>"; };
		302D95F014D2391D003F00A1 /* MainViewController.xib */ = {isa = PBXFileReference; fileEncoding = 4; lastKnownFileType = file.xib; path = MainViewController.xib; sourceTree = "<group>"; };
		3047A50F1AB8059700498E2A /* build-debug.xcconfig */ = {isa = PBXFileReference; fileEncoding = 4; lastKnownFileType = text.xcconfig; name = "build-debug.xcconfig"; path = cordova/build-debug.xcconfig; sourceTree = SOURCE_ROOT; };
		3047A5101AB8059700498E2A /* build-release.xcconfig */ = {isa = PBXFileReference; fileEncoding = 4; lastKnownFileType = text.xcconfig; name = "build-release.xcconfig"; path = cordova/build-release.xcconfig; sourceTree = SOURCE_ROOT; };
		3047A5111AB8059700498E2A /* build.xcconfig */ = {isa = PBXFileReference; fileEncoding = 4; lastKnownFileType = text.xcconfig; name = build.xcconfig; path = cordova/build.xcconfig; sourceTree = SOURCE_ROOT; };
		32CA4F630368D1EE00C91783 /* Briddgge-Prefix.pch */ = {isa = PBXFileReference; fileEncoding = 4; lastKnownFileType = sourcecode.c.h; path = "Briddgge-Prefix.pch"; sourceTree = "<group>"; };
		6AFF5BF81D6E424B00AB3073 /* CDVLaunchScreen.storyboard */ = {isa = PBXFileReference; fileEncoding = 4; lastKnownFileType = file.storyboard; name = CDVLaunchScreen.storyboard; path = "Briddgge/CDVLaunchScreen.storyboard"; sourceTree = SOURCE_ROOT; };
		8D1107310486CEB800E47090 /* Briddgge-Info.plist */ = {isa = PBXFileReference; fileEncoding = 4; lastKnownFileType = text.plist.xml; name = "Briddgge-Info.plist"; path = "Briddgge/Briddgge-Info.plist"; plistStructureDefinitionIdentifier = "com.apple.xcode.plist.structure-definition.iphone.info-plist"; sourceTree = SOURCE_ROOT; };
		EB87FDF31871DA8E0020F90C /* www */ = {isa = PBXFileReference; lastKnownFileType = folder; name = www; path = ../../www; sourceTree = "<group>"; };
		EB87FDF41871DAF40020F90C /* config.xml */ = {isa = PBXFileReference; lastKnownFileType = text.xml; name = config.xml; path = ../../config.xml; sourceTree = "<group>"; };
		F840E1F0165FE0F500CFE078 /* config.xml */ = {isa = PBXFileReference; lastKnownFileType = text.xml; name = config.xml; path = "Briddgge/config.xml"; sourceTree = "<group>"; };
		ED33DF2A687741AEAF9F8254 /* Bridging-Header.h */ = {isa = PBXFileReference; fileEncoding = 4; lastKnownFileType = sourcecode.c.h; name = "Bridging-Header.h"; path = "Bridging-Header.h"; sourceTree = "<group>"; };
		77D6A1BD39A244799F651D0B /* ActionSheet.m */ = {isa = PBXFileReference; name = "ActionSheet.m"; path = "cordova-plugin-actionsheet/ActionSheet.m"; sourceTree = "<group>"; fileEncoding = 4; lastKnownFileType = sourcecode.c.objc; explicitFileType = undefined; includeInIndex = 0; };
		194E97055922486195A7C88D /* ActionSheet.h */ = {isa = PBXFileReference; name = "ActionSheet.h"; path = "cordova-plugin-actionsheet/ActionSheet.h"; sourceTree = "<group>"; fileEncoding = 4; lastKnownFileType = sourcecode.c.h; explicitFileType = undefined; includeInIndex = 0; };
		EF8B183E2CC6455A933A73F2 /* Calendar.m */ = {isa = PBXFileReference; name = "Calendar.m"; path = "cordova-plugin-calendar/Calendar.m"; sourceTree = "<group>"; fileEncoding = 4; lastKnownFileType = sourcecode.c.objc; explicitFileType = undefined; includeInIndex = 0; };
		9A8FEF68530B46279C7000B1 /* Calendar.h */ = {isa = PBXFileReference; name = "Calendar.h"; path = "cordova-plugin-calendar/Calendar.h"; sourceTree = "<group>"; fileEncoding = 4; lastKnownFileType = sourcecode.c.h; explicitFileType = undefined; includeInIndex = 0; };
		76FC464A70B44B5A88F52778 /* EventKit.framework */ = {isa = PBXFileReference; name = "EventKit.framework"; path = "System/Library/Frameworks/EventKit.framework"; sourceTree = SDKROOT; fileEncoding = undefined; lastKnownFileType = wrapper.framework; explicitFileType = undefined; includeInIndex = 0; };
		B3637DA335BE4322880D1280 /* EventKitUI.framework */ = {isa = PBXFileReference; name = "EventKitUI.framework"; path = "System/Library/Frameworks/EventKitUI.framework"; sourceTree = SDKROOT; fileEncoding = undefined; lastKnownFileType = wrapper.framework; explicitFileType = undefined; includeInIndex = 0; };
		8BF5754B73074608977122A8 /* UIImage+CropScaleOrientation.m */ = {isa = PBXFileReference; name = "UIImage+CropScaleOrientation.m"; path = "cordova-plugin-camera/UIImage+CropScaleOrientation.m"; sourceTree = "<group>"; fileEncoding = 4; lastKnownFileType = sourcecode.c.objc; explicitFileType = undefined; includeInIndex = 0; };
		8246773872064FA081660632 /* CDVCamera.m */ = {isa = PBXFileReference; name = "CDVCamera.m"; path = "cordova-plugin-camera/CDVCamera.m"; sourceTree = "<group>"; fileEncoding = 4; lastKnownFileType = sourcecode.c.objc; explicitFileType = undefined; includeInIndex = 0; };
		0A6F01E3BA364079A95DB39A /* CDVJpegHeaderWriter.m */ = {isa = PBXFileReference; name = "CDVJpegHeaderWriter.m"; path = "cordova-plugin-camera/CDVJpegHeaderWriter.m"; sourceTree = "<group>"; fileEncoding = 4; lastKnownFileType = sourcecode.c.objc; explicitFileType = undefined; includeInIndex = 0; };
		E50AC71E4AFE42769C896573 /* UIImage+CropScaleOrientation.h */ = {isa = PBXFileReference; name = "UIImage+CropScaleOrientation.h"; path = "cordova-plugin-camera/UIImage+CropScaleOrientation.h"; sourceTree = "<group>"; fileEncoding = 4; lastKnownFileType = sourcecode.c.h; explicitFileType = undefined; includeInIndex = 0; };
		50A834DE04D049C2B6C883CF /* CDVCamera.h */ = {isa = PBXFileReference; name = "CDVCamera.h"; path = "cordova-plugin-camera/CDVCamera.h"; sourceTree = "<group>"; fileEncoding = 4; lastKnownFileType = sourcecode.c.h; explicitFileType = undefined; includeInIndex = 0; };
		0BBB6B37D7B84191B3803490 /* CDVJpegHeaderWriter.h */ = {isa = PBXFileReference; name = "CDVJpegHeaderWriter.h"; path = "cordova-plugin-camera/CDVJpegHeaderWriter.h"; sourceTree = "<group>"; fileEncoding = 4; lastKnownFileType = sourcecode.c.h; explicitFileType = undefined; includeInIndex = 0; };
		12D8FD35BC104E03B688644A /* CDVExif.h */ = {isa = PBXFileReference; name = "CDVExif.h"; path = "cordova-plugin-camera/CDVExif.h"; sourceTree = "<group>"; fileEncoding = 4; lastKnownFileType = sourcecode.c.h; explicitFileType = undefined; includeInIndex = 0; };
		C47D819E44CD4A8E885DB6C2 /* ImageIO.framework */ = {isa = PBXFileReference; name = "ImageIO.framework"; path = "System/Library/Frameworks/ImageIO.framework"; sourceTree = SDKROOT; fileEncoding = undefined; lastKnownFileType = wrapper.framework; explicitFileType = undefined; includeInIndex = 0; };
		41934FC0A21F471EAD364E25 /* CoreLocation.framework */ = {isa = PBXFileReference; name = "CoreLocation.framework"; path = "System/Library/Frameworks/CoreLocation.framework"; sourceTree = SDKROOT; fileEncoding = undefined; lastKnownFileType = wrapper.framework; explicitFileType = undefined; includeInIndex = 0; };
		4BC4EB63AD9A47E2887E2E3F /* AVFoundation.framework */ = {isa = PBXFileReference; name = "AVFoundation.framework"; path = "System/Library/Frameworks/AVFoundation.framework"; sourceTree = SDKROOT; fileEncoding = undefined; lastKnownFileType = wrapper.framework; explicitFileType = undefined; includeInIndex = 0; };
		317BE9DA664B42F1B5FEFAAE /* CDVLogger.m */ = {isa = PBXFileReference; name = "CDVLogger.m"; path = "cordova-plugin-console/CDVLogger.m"; sourceTree = "<group>"; fileEncoding = 4; lastKnownFileType = sourcecode.c.objc; explicitFileType = undefined; includeInIndex = 0; };
		1CF880D09417487390B284DC /* CDVLogger.h */ = {isa = PBXFileReference; name = "CDVLogger.h"; path = "cordova-plugin-console/CDVLogger.h"; sourceTree = "<group>"; fileEncoding = 4; lastKnownFileType = sourcecode.c.h; explicitFileType = undefined; includeInIndex = 0; };
		F1FB9026375B4B96BDA1F699 /* DatePicker.m */ = {isa = PBXFileReference; name = "DatePicker.m"; path = "cordova-plugin-datepicker/DatePicker.m"; sourceTree = "<group>"; fileEncoding = 4; lastKnownFileType = sourcecode.c.objc; explicitFileType = undefined; includeInIndex = 0; };
		E91B5ED655B24C36BF704432 /* DatePicker.h */ = {isa = PBXFileReference; name = "DatePicker.h"; path = "cordova-plugin-datepicker/DatePicker.h"; sourceTree = "<group>"; fileEncoding = 4; lastKnownFileType = sourcecode.c.h; explicitFileType = undefined; includeInIndex = 0; };
		076DB7C9F981424F8B99E9A3 /* DatePicker.xib */ = {isa = PBXFileReference; name = "DatePicker.xib"; path = "DatePicker.xib"; sourceTree = "<group>"; fileEncoding = undefined; lastKnownFileType = file.xib; explicitFileType = undefined; includeInIndex = 0; };
		B1EDC1B2F8C4478BB89069DC /* CDVDevice.m */ = {isa = PBXFileReference; name = "CDVDevice.m"; path = "cordova-plugin-device/CDVDevice.m"; sourceTree = "<group>"; fileEncoding = 4; lastKnownFileType = sourcecode.c.objc; explicitFileType = undefined; includeInIndex = 0; };
		E4855C977EE1418EA4E046FE /* CDVDevice.h */ = {isa = PBXFileReference; name = "CDVDevice.h"; path = "cordova-plugin-device/CDVDevice.h"; sourceTree = "<group>"; fileEncoding = 4; lastKnownFileType = sourcecode.c.h; explicitFileType = undefined; includeInIndex = 0; };
		A7E031FA82604D78AC459E1A /* CDVFile.m */ = {isa = PBXFileReference; name = "CDVFile.m"; path = "cordova-plugin-file/CDVFile.m"; sourceTree = "<group>"; fileEncoding = 4; lastKnownFileType = sourcecode.c.objc; explicitFileType = undefined; includeInIndex = 0; };
		4459ABE84B274F5695DB69B9 /* CDVLocalFilesystem.m */ = {isa = PBXFileReference; name = "CDVLocalFilesystem.m"; path = "cordova-plugin-file/CDVLocalFilesystem.m"; sourceTree = "<group>"; fileEncoding = 4; lastKnownFileType = sourcecode.c.objc; explicitFileType = undefined; includeInIndex = 0; };
		303267A62F4F4293AE7BDEEB /* CDVAssetLibraryFilesystem.m */ = {isa = PBXFileReference; name = "CDVAssetLibraryFilesystem.m"; path = "cordova-plugin-file/CDVAssetLibraryFilesystem.m"; sourceTree = "<group>"; fileEncoding = 4; lastKnownFileType = sourcecode.c.objc; explicitFileType = undefined; includeInIndex = 0; };
		A2748C4037BF46C78C7F28E4 /* CDVFile.h */ = {isa = PBXFileReference; name = "CDVFile.h"; path = "cordova-plugin-file/CDVFile.h"; sourceTree = "<group>"; fileEncoding = 4; lastKnownFileType = sourcecode.c.h; explicitFileType = undefined; includeInIndex = 0; };
		B0C4092449D544C5ADA36854 /* CDVLocalFilesystem.h */ = {isa = PBXFileReference; name = "CDVLocalFilesystem.h"; path = "cordova-plugin-file/CDVLocalFilesystem.h"; sourceTree = "<group>"; fileEncoding = 4; lastKnownFileType = sourcecode.c.h; explicitFileType = undefined; includeInIndex = 0; };
		21008972A6014319AA13BC92 /* CDVAssetLibraryFilesystem.h */ = {isa = PBXFileReference; name = "CDVAssetLibraryFilesystem.h"; path = "cordova-plugin-file/CDVAssetLibraryFilesystem.h"; sourceTree = "<group>"; fileEncoding = 4; lastKnownFileType = sourcecode.c.h; explicitFileType = undefined; includeInIndex = 0; };
		98CEC6E4FEE34ADFBC5F1256 /* CDVCapture.m */ = {isa = PBXFileReference; name = "CDVCapture.m"; path = "cordova-plugin-media-capture/CDVCapture.m"; sourceTree = "<group>"; fileEncoding = 4; lastKnownFileType = sourcecode.c.objc; explicitFileType = undefined; includeInIndex = 0; };
		B37B66CD003C4F65A96A7C4F /* CDVCapture.h */ = {isa = PBXFileReference; name = "CDVCapture.h"; path = "cordova-plugin-media-capture/CDVCapture.h"; sourceTree = "<group>"; fileEncoding = 4; lastKnownFileType = sourcecode.c.h; explicitFileType = undefined; includeInIndex = 0; };
		0F1A5564337F438185EAA03E /* CDVCapture.bundle */ = {isa = PBXFileReference; name = "CDVCapture.bundle"; path = "CDVCapture.bundle"; sourceTree = "<group>"; fileEncoding = undefined; lastKnownFileType = wrapper.plug-in; explicitFileType = undefined; includeInIndex = 0; };
		548FE03DAF7C4680B9193C99 /* CDVSplashScreen.m */ = {isa = PBXFileReference; name = "CDVSplashScreen.m"; path = "cordova-plugin-splashscreen/CDVSplashScreen.m"; sourceTree = "<group>"; fileEncoding = 4; lastKnownFileType = sourcecode.c.objc; explicitFileType = undefined; includeInIndex = 0; };
		5B434B37F1BF428A8575ADD6 /* CDVViewController+SplashScreen.m */ = {isa = PBXFileReference; name = "CDVViewController+SplashScreen.m"; path = "cordova-plugin-splashscreen/CDVViewController+SplashScreen.m"; sourceTree = "<group>"; fileEncoding = 4; lastKnownFileType = sourcecode.c.objc; explicitFileType = undefined; includeInIndex = 0; };
		7981E9C7E1DD4452AC81A424 /* CDVSplashScreen.h */ = {isa = PBXFileReference; name = "CDVSplashScreen.h"; path = "cordova-plugin-splashscreen/CDVSplashScreen.h"; sourceTree = "<group>"; fileEncoding = 4; lastKnownFileType = sourcecode.c.h; explicitFileType = undefined; includeInIndex = 0; };
		0B2A613BF2F0452C9410C194 /* CDVViewController+SplashScreen.h */ = {isa = PBXFileReference; name = "CDVViewController+SplashScreen.h"; path = "cordova-plugin-splashscreen/CDVViewController+SplashScreen.h"; sourceTree = "<group>"; fileEncoding = 4; lastKnownFileType = sourcecode.c.h; explicitFileType = undefined; includeInIndex = 0; };
		7F48A0D649144E9381718E89 /* CDVStatusBar.m */ = {isa = PBXFileReference; name = "CDVStatusBar.m"; path = "cordova-plugin-statusbar/CDVStatusBar.m"; sourceTree = "<group>"; fileEncoding = 4; lastKnownFileType = sourcecode.c.objc; explicitFileType = undefined; includeInIndex = 0; };
		8E92532EF71E489297EF145A /* CDVStatusBar.h */ = {isa = PBXFileReference; name = "CDVStatusBar.h"; path = "cordova-plugin-statusbar/CDVStatusBar.h"; sourceTree = "<group>"; fileEncoding = 4; lastKnownFileType = sourcecode.c.h; explicitFileType = undefined; includeInIndex = 0; };
		9B4F813BC94D4666890FCC6E /* Toast+UIView.m */ = {isa = PBXFileReference; name = "Toast+UIView.m"; path = "cordova-plugin-x-toast/Toast+UIView.m"; sourceTree = "<group>"; fileEncoding = 4; lastKnownFileType = sourcecode.c.objc; explicitFileType = undefined; includeInIndex = 0; };
		5270C652360D45BC8BE01FF7 /* Toast.m */ = {isa = PBXFileReference; name = "Toast.m"; path = "cordova-plugin-x-toast/Toast.m"; sourceTree = "<group>"; fileEncoding = 4; lastKnownFileType = sourcecode.c.objc; explicitFileType = undefined; includeInIndex = 0; };
		29D5BD06EA984FD284751C84 /* Toast+UIView.h */ = {isa = PBXFileReference; name = "Toast+UIView.h"; path = "cordova-plugin-x-toast/Toast+UIView.h"; sourceTree = "<group>"; fileEncoding = 4; lastKnownFileType = sourcecode.c.h; explicitFileType = undefined; includeInIndex = 0; };
		9D4ED54A743D465CAF808A40 /* Toast.h */ = {isa = PBXFileReference; name = "Toast.h"; path = "cordova-plugin-x-toast/Toast.h"; sourceTree = "<group>"; fileEncoding = 4; lastKnownFileType = sourcecode.c.h; explicitFileType = undefined; includeInIndex = 0; };
		28C200C3B0B8461584756B9D /* QuartzCore.framework */ = {isa = PBXFileReference; name = "QuartzCore.framework"; path = "System/Library/Frameworks/QuartzCore.framework"; sourceTree = SDKROOT; fileEncoding = undefined; lastKnownFileType = wrapper.framework; explicitFileType = undefined; includeInIndex = 0; };
		B3763F4CB72B4CAA911D326C /* SQLitePlugin.m */ = {isa = PBXFileReference; name = "SQLitePlugin.m"; path = "cordova-sqlite-storage/SQLitePlugin.m"; sourceTree = "<group>"; fileEncoding = 4; lastKnownFileType = sourcecode.c.objc; explicitFileType = undefined; includeInIndex = 0; };
		3ADDE92B3A8643CABE7275BA /* sqlite3.c */ = {isa = PBXFileReference; name = "sqlite3.c"; path = "cordova-sqlite-storage/sqlite3.c"; sourceTree = "<group>"; fileEncoding = undefined; lastKnownFileType = unknown; explicitFileType = undefined; includeInIndex = 0; };
		5696659D23014E77A418D263 /* SQLitePlugin.h */ = {isa = PBXFileReference; name = "SQLitePlugin.h"; path = "cordova-sqlite-storage/SQLitePlugin.h"; sourceTree = "<group>"; fileEncoding = 4; lastKnownFileType = sourcecode.c.h; explicitFileType = undefined; includeInIndex = 0; };
		C2DFB16865544538A1F9A0BE /* sqlite3.h */ = {isa = PBXFileReference; name = "sqlite3.h"; path = "cordova-sqlite-storage/sqlite3.h"; sourceTree = "<group>"; fileEncoding = 4; lastKnownFileType = sourcecode.c.h; explicitFileType = undefined; includeInIndex = 0; };
		4424DA17D777461A80CCCB64 /* IonicKeyboard.m */ = {isa = PBXFileReference; name = "IonicKeyboard.m"; path = "ionic-plugin-keyboard/IonicKeyboard.m"; sourceTree = "<group>"; fileEncoding = 4; lastKnownFileType = sourcecode.c.objc; explicitFileType = undefined; includeInIndex = 0; };
		02FDED6DA9814B459D4E1393 /* IonicKeyboard.h */ = {isa = PBXFileReference; name = "IonicKeyboard.h"; path = "ionic-plugin-keyboard/IonicKeyboard.h"; sourceTree = "<group>"; fileEncoding = 4; lastKnownFileType = sourcecode.c.h; explicitFileType = undefined; includeInIndex = 0; };
		550CD524DABA4310B3B87DA8 /* OneSignalPush.m */ = {isa = PBXFileReference; name = "OneSignalPush.m"; path = "onesignal-cordova-plugin/OneSignalPush.m"; sourceTree = "<group>"; fileEncoding = 4; lastKnownFileType = sourcecode.c.objc; explicitFileType = undefined; includeInIndex = 0; };
		B6C538AF84564EBE80B9A2E0 /* OneSignalPush.h */ = {isa = PBXFileReference; name = "OneSignalPush.h"; path = "onesignal-cordova-plugin/OneSignalPush.h"; sourceTree = "<group>"; fileEncoding = 4; lastKnownFileType = sourcecode.c.h; explicitFileType = undefined; includeInIndex = 0; };
		09CE1AA1EC514C96B7E643E6 /* SystemConfiguration.framework */ = {isa = PBXFileReference; name = "SystemConfiguration.framework"; path = "System/Library/Frameworks/SystemConfiguration.framework"; sourceTree = SDKROOT; fileEncoding = undefined; lastKnownFileType = wrapper.framework; explicitFileType = undefined; includeInIndex = 0; };
		B056B652032446E6A2253663 /* SOSPicker.m */ = {isa = PBXFileReference; name = "SOSPicker.m"; path = "com.synconset.imagepicker/SOSPicker.m"; sourceTree = "<group>"; fileEncoding = 4; lastKnownFileType = sourcecode.c.objc; explicitFileType = undefined; includeInIndex = 0; };
		BAA02FB3664A44E78831BE7E /* UIImage+fixOrientation.m */ = {isa = PBXFileReference; name = "UIImage+fixOrientation.m"; path = "com.synconset.imagepicker/UIImage+fixOrientation.m"; sourceTree = "<group>"; fileEncoding = 4; lastKnownFileType = sourcecode.c.objc; explicitFileType = undefined; includeInIndex = 0; };
		74312661F85F4A33980E31D4 /* GMAlbumsViewCell.m */ = {isa = PBXFileReference; name = "GMAlbumsViewCell.m"; path = "com.synconset.imagepicker/GMAlbumsViewCell.m"; sourceTree = "<group>"; fileEncoding = 4; lastKnownFileType = sourcecode.c.objc; explicitFileType = undefined; includeInIndex = 0; };
		083792B1853C452A8425CE4B /* GMAlbumsViewController.m */ = {isa = PBXFileReference; name = "GMAlbumsViewController.m"; path = "com.synconset.imagepicker/GMAlbumsViewController.m"; sourceTree = "<group>"; fileEncoding = 4; lastKnownFileType = sourcecode.c.objc; explicitFileType = undefined; includeInIndex = 0; };
		A32C6BB1912740E7839AB296 /* GMFetchItem.m */ = {isa = PBXFileReference; name = "GMFetchItem.m"; path = "com.synconset.imagepicker/GMFetchItem.m"; sourceTree = "<group>"; fileEncoding = 4; lastKnownFileType = sourcecode.c.objc; explicitFileType = undefined; includeInIndex = 0; };
		4A7D0DC049924A2FBF317A62 /* GMGridViewCell.m */ = {isa = PBXFileReference; name = "GMGridViewCell.m"; path = "com.synconset.imagepicker/GMGridViewCell.m"; sourceTree = "<group>"; fileEncoding = 4; lastKnownFileType = sourcecode.c.objc; explicitFileType = undefined; includeInIndex = 0; };
		C9C7624480FF4F829CB61517 /* GMGridViewController.m */ = {isa = PBXFileReference; name = "GMGridViewController.m"; path = "com.synconset.imagepicker/GMGridViewController.m"; sourceTree = "<group>"; fileEncoding = 4; lastKnownFileType = sourcecode.c.objc; explicitFileType = undefined; includeInIndex = 0; };
		92BADF6078534AAFB617260D /* GMImagePickerController.m */ = {isa = PBXFileReference; name = "GMImagePickerController.m"; path = "com.synconset.imagepicker/GMImagePickerController.m"; sourceTree = "<group>"; fileEncoding = 4; lastKnownFileType = sourcecode.c.objc; explicitFileType = undefined; includeInIndex = 0; };
		3046CB6AF933477FB56449F3 /* PSYBlockTimer.m */ = {isa = PBXFileReference; name = "PSYBlockTimer.m"; path = "com.synconset.imagepicker/PSYBlockTimer.m"; sourceTree = "<group>"; fileEncoding = 4; lastKnownFileType = sourcecode.c.objc; explicitFileType = undefined; includeInIndex = 0; };
		0CE0AB6A7228499BA7393797 /* GMPHAsset.m */ = {isa = PBXFileReference; name = "GMPHAsset.m"; path = "com.synconset.imagepicker/GMPHAsset.m"; sourceTree = "<group>"; fileEncoding = 4; lastKnownFileType = sourcecode.c.objc; explicitFileType = undefined; includeInIndex = 0; };
		62C1EB309E514D0195BB45DB /* SOSPicker.h */ = {isa = PBXFileReference; name = "SOSPicker.h"; path = "com.synconset.imagepicker/SOSPicker.h"; sourceTree = "<group>"; fileEncoding = 4; lastKnownFileType = sourcecode.c.h; explicitFileType = undefined; includeInIndex = 0; };
		79D9E5440968450A8CC2A525 /* UIImage+fixOrientation.h */ = {isa = PBXFileReference; name = "UIImage+fixOrientation.h"; path = "com.synconset.imagepicker/UIImage+fixOrientation.h"; sourceTree = "<group>"; fileEncoding = 4; lastKnownFileType = sourcecode.c.h; explicitFileType = undefined; includeInIndex = 0; };
		42E4A0FB59DF4D8FA9D35024 /* GMAlbumsViewCell.h */ = {isa = PBXFileReference; name = "GMAlbumsViewCell.h"; path = "com.synconset.imagepicker/GMAlbumsViewCell.h"; sourceTree = "<group>"; fileEncoding = 4; lastKnownFileType = sourcecode.c.h; explicitFileType = undefined; includeInIndex = 0; };
		A4D135381EA446FB823002B3 /* GMAlbumsViewController.h */ = {isa = PBXFileReference; name = "GMAlbumsViewController.h"; path = "com.synconset.imagepicker/GMAlbumsViewController.h"; sourceTree = "<group>"; fileEncoding = 4; lastKnownFileType = sourcecode.c.h; explicitFileType = undefined; includeInIndex = 0; };
		441770CB765646A0AA252CA5 /* GMFetchItem.h */ = {isa = PBXFileReference; name = "GMFetchItem.h"; path = "com.synconset.imagepicker/GMFetchItem.h"; sourceTree = "<group>"; fileEncoding = 4; lastKnownFileType = sourcecode.c.h; explicitFileType = undefined; includeInIndex = 0; };
		53A5E89EF4E84DF79595666C /* GMGridViewCell.h */ = {isa = PBXFileReference; name = "GMGridViewCell.h"; path = "com.synconset.imagepicker/GMGridViewCell.h"; sourceTree = "<group>"; fileEncoding = 4; lastKnownFileType = sourcecode.c.h; explicitFileType = undefined; includeInIndex = 0; };
		4ED658C7C71F468A935B2603 /* GMGridViewController.h */ = {isa = PBXFileReference; name = "GMGridViewController.h"; path = "com.synconset.imagepicker/GMGridViewController.h"; sourceTree = "<group>"; fileEncoding = 4; lastKnownFileType = sourcecode.c.h; explicitFileType = undefined; includeInIndex = 0; };
		041B2B9CD4F84E769C8F3F82 /* GMImagePickerController.h */ = {isa = PBXFileReference; name = "GMImagePickerController.h"; path = "com.synconset.imagepicker/GMImagePickerController.h"; sourceTree = "<group>"; fileEncoding = 4; lastKnownFileType = sourcecode.c.h; explicitFileType = undefined; includeInIndex = 0; };
		C6747E2670114FDBA8294DF6 /* PSYBlockTimer.h */ = {isa = PBXFileReference; name = "PSYBlockTimer.h"; path = "com.synconset.imagepicker/PSYBlockTimer.h"; sourceTree = "<group>"; fileEncoding = 4; lastKnownFileType = sourcecode.c.h; explicitFileType = undefined; includeInIndex = 0; };
		55BAF73163884F99A61998E3 /* GMPHAsset.h */ = {isa = PBXFileReference; name = "GMPHAsset.h"; path = "com.synconset.imagepicker/GMPHAsset.h"; sourceTree = "<group>"; fileEncoding = 4; lastKnownFileType = sourcecode.c.h; explicitFileType = undefined; includeInIndex = 0; };
		CCC3E926068B4E86A41A0177 /* GMEmptyFolder@1x.png */ = {isa = PBXFileReference; name = "GMEmptyFolder@1x.png"; path = "GMEmptyFolder@1x.png"; sourceTree = "<group>"; fileEncoding = undefined; lastKnownFileType = unknown; explicitFileType = undefined; includeInIndex = 0; };
		917820A756354D4FAAE1AE8A /* GMEmptyFolder@2x.png */ = {isa = PBXFileReference; name = "GMEmptyFolder@2x.png"; path = "GMEmptyFolder@2x.png"; sourceTree = "<group>"; fileEncoding = undefined; lastKnownFileType = unknown; explicitFileType = undefined; includeInIndex = 0; };
		307E534B676B4CD9B292C80F /* GMSelected.png */ = {isa = PBXFileReference; name = "GMSelected.png"; path = "GMSelected.png"; sourceTree = "<group>"; fileEncoding = undefined; lastKnownFileType = unknown; explicitFileType = undefined; includeInIndex = 0; };
		63A3148E612F4F978B643E5F /* GMSelected@2x.png */ = {isa = PBXFileReference; name = "GMSelected@2x.png"; path = "GMSelected@2x.png"; sourceTree = "<group>"; fileEncoding = undefined; lastKnownFileType = unknown; explicitFileType = undefined; includeInIndex = 0; };
		AB80DC64F7D14E3E95390319 /* GMVideoIcon.png */ = {isa = PBXFileReference; name = "GMVideoIcon.png"; path = "GMVideoIcon.png"; sourceTree = "<group>"; fileEncoding = undefined; lastKnownFileType = unknown; explicitFileType = undefined; includeInIndex = 0; };
		741A7DA4E34F4109A3E02223 /* GMVideoIcon@2x.png */ = {isa = PBXFileReference; name = "GMVideoIcon@2x.png"; path = "GMVideoIcon@2x.png"; sourceTree = "<group>"; fileEncoding = undefined; lastKnownFileType = unknown; explicitFileType = undefined; includeInIndex = 0; };
		B3AFF1627B3C4D389079F800 /* ca.lproj */ = {isa = PBXFileReference; name = "ca.lproj"; path = "ca.lproj"; sourceTree = "<group>"; fileEncoding = undefined; lastKnownFileType = unknown; explicitFileType = undefined; includeInIndex = 0; };
		1AD6C50A31F54AC297851054 /* de.lproj */ = {isa = PBXFileReference; name = "de.lproj"; path = "de.lproj"; sourceTree = "<group>"; fileEncoding = undefined; lastKnownFileType = unknown; explicitFileType = undefined; includeInIndex = 0; };
		760701D69F8F4E11B2D701C4 /* en.lproj */ = {isa = PBXFileReference; name = "en.lproj"; path = "en.lproj"; sourceTree = "<group>"; fileEncoding = undefined; lastKnownFileType = unknown; explicitFileType = undefined; includeInIndex = 0; };
		3F672795D8D346A8B4E13A8D /* es.lproj */ = {isa = PBXFileReference; name = "es.lproj"; path = "es.lproj"; sourceTree = "<group>"; fileEncoding = undefined; lastKnownFileType = unknown; explicitFileType = undefined; includeInIndex = 0; };
		53C3D6D40D4643F5A99B621F /* fr.lproj */ = {isa = PBXFileReference; name = "fr.lproj"; path = "fr.lproj"; sourceTree = "<group>"; fileEncoding = undefined; lastKnownFileType = unknown; explicitFileType = undefined; includeInIndex = 0; };
		50D3B44D212844688C08F4C9 /* it.lproj */ = {isa = PBXFileReference; name = "it.lproj"; path = "it.lproj"; sourceTree = "<group>"; fileEncoding = undefined; lastKnownFileType = unknown; explicitFileType = undefined; includeInIndex = 0; };
		D6B8A0B20ACA486E895D7454 /* pt.lproj */ = {isa = PBXFileReference; name = "pt.lproj"; path = "pt.lproj"; sourceTree = "<group>"; fileEncoding = undefined; lastKnownFileType = unknown; explicitFileType = undefined; includeInIndex = 0; };
		AA90D391DF4546A2A6AD57B3 /* Accelerate.framework */ = {isa = PBXFileReference; name = "Accelerate.framework"; path = "System/Library/Frameworks/Accelerate.framework"; sourceTree = SDKROOT; fileEncoding = undefined; lastKnownFileType = wrapper.framework; explicitFileType = undefined; includeInIndex = 0; };
		0750CEE3EE924003B769406A /* Security.framework */ = {isa = PBXFileReference; name = "Security.framework"; path = "System/Library/Frameworks/Security.framework"; sourceTree = SDKROOT; fileEncoding = undefined; lastKnownFileType = wrapper.framework; explicitFileType = undefined; includeInIndex = 0; };
		81180EADD5B2455DB4E6E697 /* Photos.framework */ = {isa = PBXFileReference; name = "Photos.framework"; path = "System/Library/Frameworks/Photos.framework"; sourceTree = SDKROOT; fileEncoding = undefined; lastKnownFileType = wrapper.framework; explicitFileType = undefined; includeInIndex = 0; };
		8678AE461D354DBB82A13CB6 /* CDVInAppBrowser.m */ = {isa = PBXFileReference; name = "CDVInAppBrowser.m"; path = "cordova-plugin-inappbrowser/CDVInAppBrowser.m"; sourceTree = "<group>"; fileEncoding = 4; lastKnownFileType = sourcecode.c.objc; explicitFileType = undefined; includeInIndex = 0; };
		CFE901DFBD1C46F39B71459D /* CDVInAppBrowser.h */ = {isa = PBXFileReference; name = "CDVInAppBrowser.h"; path = "cordova-plugin-inappbrowser/CDVInAppBrowser.h"; sourceTree = "<group>"; fileEncoding = 4; lastKnownFileType = sourcecode.c.h; explicitFileType = undefined; includeInIndex = 0; };
/* End PBXFileReference section */

/* Begin PBXFrameworksBuildPhase section */
		1D60588F0D05DD3D006BFB54 /* Frameworks */ = {
			isa = PBXFrameworksBuildPhase;
			buildActionMask = 2147483647;
			files = (
				301BF552109A68D80062928A /* libCordova.a in Frameworks */,
				63C6814CA99D4E5B930469D1 /* EventKit.framework in Frameworks */,
				1B187733856A48C3878ED74B /* EventKitUI.framework in Frameworks */,
				00B53B3B9DCC4F3B96637CDE /* ImageIO.framework in Frameworks */,
				2A92750D6CE54F02994CC6CD /* CoreLocation.framework in Frameworks */,
				4800A61F3D954529B2C7D12C /* AVFoundation.framework in Frameworks */,
				ADB886519C1B431B8E16A33D /* QuartzCore.framework in Frameworks */,
				91E4B23C08AB4DEE9FDD2D23 /* SystemConfiguration.framework in Frameworks */,
				F0DFA2AECA174EEC84EB19F4 /* Accelerate.framework in Frameworks */,
				F653AF38ED1941E3849E18A3 /* Security.framework in Frameworks */,
				907104C9849F42E889BDAEF3 /* Photos.framework in Frameworks */,
			);
			runOnlyForDeploymentPostprocessing = 0;
		};
/* End PBXFrameworksBuildPhase section */

/* Begin PBXGroup section */
		080E96DDFE201D6D7F000001 /* Classes */ = {
			isa = PBXGroup;
			children = (
				302D95EE14D2391D003F00A1 /* MainViewController.h */,
				302D95EF14D2391D003F00A1 /* MainViewController.m */,
				302D95F014D2391D003F00A1 /* MainViewController.xib */,
				1D3623240D0F684500981E51 /* AppDelegate.h */,
				1D3623250D0F684500981E51 /* AppDelegate.m */,
			);
			name = Classes;
			path = "Briddgge/Classes";
			sourceTree = SOURCE_ROOT;
		};
		19C28FACFE9D520D11CA2CBB /* Products */ = {
			isa = PBXGroup;
			children = (
				1D6058910D05DD3D006BFB54 /* Briddgge.app */,
			);
			name = Products;
			sourceTree = "<group>";
		};
		29B97314FDCFA39411CA2CEA /* CustomTemplate */ = {
			isa = PBXGroup;
			children = (
				EB87FDF41871DAF40020F90C /* config.xml */,
				EB87FDF31871DA8E0020F90C /* www */,
				EB87FDF11871DA420020F90C /* Staging */,
				301BF52D109A57CC0062928A /* CordovaLib.xcodeproj */,
				080E96DDFE201D6D7F000001 /* Classes */,
				307C750510C5A3420062BCA9 /* Plugins */,
				29B97315FDCFA39411CA2CEA /* Other Sources */,
				29B97317FDCFA39411CA2CEA /* Resources */,
				29B97323FDCFA39411CA2CEA /* Frameworks */,
				19C28FACFE9D520D11CA2CBB /* Products */,
			);
			name = CustomTemplate;
			sourceTree = "<group>";
		};
		29B97315FDCFA39411CA2CEA /* Other Sources */ = {
			isa = PBXGroup;
			children = (
				32CA4F630368D1EE00C91783 /* Briddgge-Prefix.pch */,
				29B97316FDCFA39411CA2CEA /* main.m */,
				ED33DF2A687741AEAF9F8254 /* Bridging-Header.h */,
			);
			name = "Other Sources";
			path = "Briddgge";
			sourceTree = "<group>";
		};
		29B97317FDCFA39411CA2CEA /* Resources */ = {
			isa = PBXGroup;
			children = (
				0207DA571B56EA530066E2B4 /* Images.xcassets */,
				3047A50E1AB8057F00498E2A /* config */,
				8D1107310486CEB800E47090 /* Briddgge-Info.plist */,
				6AFF5BF81D6E424B00AB3073 /* CDVLaunchScreen.storyboard */,
				076DB7C9F981424F8B99E9A3 /* DatePicker.xib */,
				0F1A5564337F438185EAA03E /* CDVCapture.bundle */,
				CCC3E926068B4E86A41A0177 /* GMEmptyFolder@1x.png */,
				917820A756354D4FAAE1AE8A /* GMEmptyFolder@2x.png */,
				307E534B676B4CD9B292C80F /* GMSelected.png */,
				63A3148E612F4F978B643E5F /* GMSelected@2x.png */,
				AB80DC64F7D14E3E95390319 /* GMVideoIcon.png */,
				741A7DA4E34F4109A3E02223 /* GMVideoIcon@2x.png */,
				B3AFF1627B3C4D389079F800 /* ca.lproj */,
				1AD6C50A31F54AC297851054 /* de.lproj */,
				760701D69F8F4E11B2D701C4 /* en.lproj */,
				3F672795D8D346A8B4E13A8D /* es.lproj */,
				53C3D6D40D4643F5A99B621F /* fr.lproj */,
				50D3B44D212844688C08F4C9 /* it.lproj */,
				D6B8A0B20ACA486E895D7454 /* pt.lproj */,
			);
			name = Resources;
			path = "Briddgge/Resources";
			sourceTree = "<group>";
		};
		29B97323FDCFA39411CA2CEA /* Frameworks */ = {
			isa = PBXGroup;
			children = (
				76FC464A70B44B5A88F52778 /* EventKit.framework */,
				B3637DA335BE4322880D1280 /* EventKitUI.framework */,
				C47D819E44CD4A8E885DB6C2 /* ImageIO.framework */,
				41934FC0A21F471EAD364E25 /* CoreLocation.framework */,
				4BC4EB63AD9A47E2887E2E3F /* AVFoundation.framework */,
				28C200C3B0B8461584756B9D /* QuartzCore.framework */,
				09CE1AA1EC514C96B7E643E6 /* SystemConfiguration.framework */,
				AA90D391DF4546A2A6AD57B3 /* Accelerate.framework */,
				0750CEE3EE924003B769406A /* Security.framework */,
				81180EADD5B2455DB4E6E697 /* Photos.framework */,
			);
			name = Frameworks;
			sourceTree = "<group>";
		};
		301BF52E109A57CC0062928A /* Products */ = {
			isa = PBXGroup;
			children = (
				301BF535109A57CC0062928A /* libCordova.a */,
			);
			name = Products;
			sourceTree = "<group>";
		};
		3047A50E1AB8057F00498E2A /* config */ = {
			isa = PBXGroup;
			children = (
				3047A50F1AB8059700498E2A /* build-debug.xcconfig */,
				3047A5101AB8059700498E2A /* build-release.xcconfig */,
				3047A5111AB8059700498E2A /* build.xcconfig */,
			);
			name = config;
			sourceTree = "<group>";
		};
		307C750510C5A3420062BCA9 /* Plugins */ = {
			isa = PBXGroup;
			children = (
				77D6A1BD39A244799F651D0B /* ActionSheet.m */,
				194E97055922486195A7C88D /* ActionSheet.h */,
				EF8B183E2CC6455A933A73F2 /* Calendar.m */,
				9A8FEF68530B46279C7000B1 /* Calendar.h */,
				8BF5754B73074608977122A8 /* UIImage+CropScaleOrientation.m */,
				8246773872064FA081660632 /* CDVCamera.m */,
				0A6F01E3BA364079A95DB39A /* CDVJpegHeaderWriter.m */,
				E50AC71E4AFE42769C896573 /* UIImage+CropScaleOrientation.h */,
				50A834DE04D049C2B6C883CF /* CDVCamera.h */,
				0BBB6B37D7B84191B3803490 /* CDVJpegHeaderWriter.h */,
				12D8FD35BC104E03B688644A /* CDVExif.h */,
				317BE9DA664B42F1B5FEFAAE /* CDVLogger.m */,
				1CF880D09417487390B284DC /* CDVLogger.h */,
				F1FB9026375B4B96BDA1F699 /* DatePicker.m */,
				E91B5ED655B24C36BF704432 /* DatePicker.h */,
				B1EDC1B2F8C4478BB89069DC /* CDVDevice.m */,
				E4855C977EE1418EA4E046FE /* CDVDevice.h */,
				A7E031FA82604D78AC459E1A /* CDVFile.m */,
				4459ABE84B274F5695DB69B9 /* CDVLocalFilesystem.m */,
				303267A62F4F4293AE7BDEEB /* CDVAssetLibraryFilesystem.m */,
				A2748C4037BF46C78C7F28E4 /* CDVFile.h */,
				B0C4092449D544C5ADA36854 /* CDVLocalFilesystem.h */,
				21008972A6014319AA13BC92 /* CDVAssetLibraryFilesystem.h */,
				98CEC6E4FEE34ADFBC5F1256 /* CDVCapture.m */,
				B37B66CD003C4F65A96A7C4F /* CDVCapture.h */,
				548FE03DAF7C4680B9193C99 /* CDVSplashScreen.m */,
				5B434B37F1BF428A8575ADD6 /* CDVViewController+SplashScreen.m */,
				7981E9C7E1DD4452AC81A424 /* CDVSplashScreen.h */,
				0B2A613BF2F0452C9410C194 /* CDVViewController+SplashScreen.h */,
				7F48A0D649144E9381718E89 /* CDVStatusBar.m */,
				8E92532EF71E489297EF145A /* CDVStatusBar.h */,
				9B4F813BC94D4666890FCC6E /* Toast+UIView.m */,
				5270C652360D45BC8BE01FF7 /* Toast.m */,
				29D5BD06EA984FD284751C84 /* Toast+UIView.h */,
				9D4ED54A743D465CAF808A40 /* Toast.h */,
				B3763F4CB72B4CAA911D326C /* SQLitePlugin.m */,
				3ADDE92B3A8643CABE7275BA /* sqlite3.c */,
				5696659D23014E77A418D263 /* SQLitePlugin.h */,
				C2DFB16865544538A1F9A0BE /* sqlite3.h */,
				4424DA17D777461A80CCCB64 /* IonicKeyboard.m */,
				02FDED6DA9814B459D4E1393 /* IonicKeyboard.h */,
				550CD524DABA4310B3B87DA8 /* OneSignalPush.m */,
				B6C538AF84564EBE80B9A2E0 /* OneSignalPush.h */,
				B056B652032446E6A2253663 /* SOSPicker.m */,
				BAA02FB3664A44E78831BE7E /* UIImage+fixOrientation.m */,
				74312661F85F4A33980E31D4 /* GMAlbumsViewCell.m */,
				083792B1853C452A8425CE4B /* GMAlbumsViewController.m */,
				A32C6BB1912740E7839AB296 /* GMFetchItem.m */,
				4A7D0DC049924A2FBF317A62 /* GMGridViewCell.m */,
				C9C7624480FF4F829CB61517 /* GMGridViewController.m */,
				92BADF6078534AAFB617260D /* GMImagePickerController.m */,
				3046CB6AF933477FB56449F3 /* PSYBlockTimer.m */,
				0CE0AB6A7228499BA7393797 /* GMPHAsset.m */,
				62C1EB309E514D0195BB45DB /* SOSPicker.h */,
				79D9E5440968450A8CC2A525 /* UIImage+fixOrientation.h */,
				42E4A0FB59DF4D8FA9D35024 /* GMAlbumsViewCell.h */,
				A4D135381EA446FB823002B3 /* GMAlbumsViewController.h */,
				441770CB765646A0AA252CA5 /* GMFetchItem.h */,
				53A5E89EF4E84DF79595666C /* GMGridViewCell.h */,
				4ED658C7C71F468A935B2603 /* GMGridViewController.h */,
				041B2B9CD4F84E769C8F3F82 /* GMImagePickerController.h */,
				C6747E2670114FDBA8294DF6 /* PSYBlockTimer.h */,
				55BAF73163884F99A61998E3 /* GMPHAsset.h */,
				8678AE461D354DBB82A13CB6 /* CDVInAppBrowser.m */,
				CFE901DFBD1C46F39B71459D /* CDVInAppBrowser.h */,
			);
			name = Plugins;
			path = "Briddgge/Plugins";
			sourceTree = SOURCE_ROOT;
		};
		EB87FDF11871DA420020F90C /* Staging */ = {
			isa = PBXGroup;
			children = (
				F840E1F0165FE0F500CFE078 /* config.xml */,
				301BF56E109A69640062928A /* www */,
			);
			name = Staging;
			sourceTree = "<group>";
		};
/* End PBXGroup section */

/* Begin PBXNativeTarget section */
		1D6058900D05DD3D006BFB54 /* Briddgge */ = {
			isa = PBXNativeTarget;
			buildConfigurationList = 1D6058960D05DD3E006BFB54 /* Build configuration list for PBXNativeTarget "Briddgge" */;
			buildPhases = (
				304B58A110DAC018002A0835 /* Copy www directory */,
				1D60588D0D05DD3D006BFB54 /* Resources */,
				1D60588E0D05DD3D006BFB54 /* Sources */,
				1D60588F0D05DD3D006BFB54 /* Frameworks */,
			);
			buildRules = (
			);
			dependencies = (
				301BF551109A68C00062928A /* PBXTargetDependency */,
			);
			name = "Briddgge";
			productName = "Briddgge";
			productReference = 1D6058910D05DD3D006BFB54 /* Briddgge.app */;
			productType = "com.apple.product-type.application";
		};
/* End PBXNativeTarget section */

/* Begin PBXProject section */
		29B97313FDCFA39411CA2CEA /* Project object */ = {
			isa = PBXProject;
			attributes = {
				LastUpgradeCheck = 510;
			};
			buildConfigurationList = C01FCF4E08A954540054247B /* Build configuration list for PBXProject "__NON-CLI__" */;
			compatibilityVersion = "Xcode 3.2";
			developmentRegion = English;
			hasScannedForEncodings = 1;
			mainGroup = 29B97314FDCFA39411CA2CEA /* CustomTemplate */;
			projectDirPath = "";
			projectReferences = (
				{
					ProductGroup = 301BF52E109A57CC0062928A /* Products */;
					ProjectRef = 301BF52D109A57CC0062928A /* CordovaLib.xcodeproj */;
				},
			);
			projectRoot = "";
			targets = (
				1D6058900D05DD3D006BFB54 /* Briddgge */,
			);
		};
/* End PBXProject section */

/* Begin PBXReferenceProxy section */
		301BF535109A57CC0062928A /* libCordova.a */ = {
			isa = PBXReferenceProxy;
			fileType = archive.ar;
			path = libCordova.a;
			remoteRef = 301BF534109A57CC0062928A /* PBXContainerItemProxy */;
			sourceTree = BUILT_PRODUCTS_DIR;
		};
/* End PBXReferenceProxy section */

/* Begin PBXResourcesBuildPhase section */
		1D60588D0D05DD3D006BFB54 /* Resources */ = {
			isa = PBXResourcesBuildPhase;
			buildActionMask = 2147483647;
			files = (
				302D95F214D2391D003F00A1 /* MainViewController.xib in Resources */,
				0207DA581B56EA530066E2B4 /* Images.xcassets in Resources */,
				6AFF5BF91D6E424B00AB3073 /* CDVLaunchScreen.storyboard in Resources */,
				681416C43E244A689A4C2C0C /* DatePicker.xib in Resources */,
				280A3495C61D4A81B6A27DE2 /* CDVCapture.bundle in Resources */,
				5258F38C8F8E4BFDA05D3007 /* GMEmptyFolder@1x.png in Resources */,
				ABE00436001D4F2D9F82377E /* GMEmptyFolder@2x.png in Resources */,
				D7405F1728684F919936AF92 /* GMSelected.png in Resources */,
				992DC21BB0D4472CB6B03043 /* GMSelected@2x.png in Resources */,
				BCCDE1F3DB494B0EA5646CBB /* GMVideoIcon.png in Resources */,
				952FC6E9EA5F4ED594154F59 /* GMVideoIcon@2x.png in Resources */,
				5C0A22182B2946ECB19AAE52 /* ca.lproj in Resources */,
				845C05F35C974F10B0579701 /* de.lproj in Resources */,
				7021DD8393124BC98882B059 /* en.lproj in Resources */,
				047A728504CB43D7B15872D4 /* es.lproj in Resources */,
				5FF907AC415B48B4872FA776 /* fr.lproj in Resources */,
				20DE42E53C4049F0B6035DD9 /* it.lproj in Resources */,
				55C18FB260AC47C3842B51F7 /* pt.lproj in Resources */,
			);
			runOnlyForDeploymentPostprocessing = 0;
		};
/* End PBXResourcesBuildPhase section */

/* Begin PBXShellScriptBuildPhase section */
		304B58A110DAC018002A0835 /* Copy www directory */ = {
			isa = PBXShellScriptBuildPhase;
			buildActionMask = 2147483647;
			files = (
			);
			inputPaths = (
			);
			name = "Copy www directory";
			outputPaths = (
			);
			runOnlyForDeploymentPostprocessing = 0;
			shellPath = /bin/sh;
			shellScript = "NODEJS_PATH=/usr/local/bin; NVM_NODE_PATH=~/.nvm/versions/node/`nvm version 2>/dev/null`/bin; N_NODE_PATH=`find /usr/local/n/versions/node/* -maxdepth 0 -type d 2>/dev/null | tail -1`/bin; XCODE_NODE_PATH=`xcode-select --print-path`/usr/share/xcs/Node/bin; PATH=$NODEJS_PATH:$NVM_NODE_PATH:$N_NODE_PATH:$XCODE_NODE_PATH:$PATH && node cordova/lib/copy-www-build-step.js";
			showEnvVarsInLog = 0;
		};
/* End PBXShellScriptBuildPhase section */

/* Begin PBXSourcesBuildPhase section */
		1D60588E0D05DD3D006BFB54 /* Sources */ = {
			isa = PBXSourcesBuildPhase;
			buildActionMask = 2147483647;
			files = (
				1D60589B0D05DD56006BFB54 /* main.m in Sources */,
				1D3623260D0F684500981E51 /* AppDelegate.m in Sources */,
				302D95F114D2391D003F00A1 /* MainViewController.m in Sources */,
				EFFB13D4F8464D44A60FBECA /* ActionSheet.m in Sources */,
				4103762B2D5B43BA9F88A0DE /* Calendar.m in Sources */,
				BC2761FFEE774B71B8C4F57E /* UIImage+CropScaleOrientation.m in Sources */,
				BB029BFDC65A4B62A4AD0DF0 /* CDVCamera.m in Sources */,
				AD513701D453456FA145A086 /* CDVJpegHeaderWriter.m in Sources */,
				396DC4D3CE644694919EFAE3 /* CDVLogger.m in Sources */,
				0A026E305CFD4111B9E2EBDB /* DatePicker.m in Sources */,
				26267DD1BA524EEABABE4D35 /* CDVDevice.m in Sources */,
				A12E67112DEC4FC592735F3C /* CDVFile.m in Sources */,
				B91B981BE646420C97FF39C6 /* CDVLocalFilesystem.m in Sources */,
				69A92A0ECFEE456F971647A3 /* CDVAssetLibraryFilesystem.m in Sources */,
				AC778514B6924596ADC776D3 /* CDVCapture.m in Sources */,
				5E75E9D65BD748B28CFF1304 /* CDVSplashScreen.m in Sources */,
				C40FB14689784F67AF5B8206 /* CDVViewController+SplashScreen.m in Sources */,
				BBD82DDEE4AC4F91B858577C /* CDVStatusBar.m in Sources */,
				5DA2FF26C0F140C6826D5777 /* Toast+UIView.m in Sources */,
				5F7C9F2178794768B6BBFC94 /* Toast.m in Sources */,
				F1E60E14BC11455C82CD522A /* SQLitePlugin.m in Sources */,
				77B7CEE56CC1420C91D73ED6 /* sqlite3.c in Resources */,
				DF02FE92048B4250BD1E6867 /* IonicKeyboard.m in Sources */,
				05FD3BC37CDF4F32886038DC /* OneSignalPush.m in Sources */,
				2629F958E71D46BB94EB8107 /* SOSPicker.m in Sources */,
				8C2258D6F83D4120A3A505A5 /* UIImage+fixOrientation.m in Sources */,
				10E6CA707DF1424695D6D176 /* GMAlbumsViewCell.m in Sources */,
				4BC07751460B45A5A23A8B19 /* GMAlbumsViewController.m in Sources */,
				33BA2FDD79E54B5F93CD06CA /* GMFetchItem.m in Sources */,
				F6E09691D3C345A2AEFD560C /* GMGridViewCell.m in Sources */,
				295265D3EAB044A888ED3F63 /* GMGridViewController.m in Sources */,
				9906A68660D04E7682F47647 /* GMImagePickerController.m in Sources */,
				8FBB09F777304BE684785F62 /* PSYBlockTimer.m in Sources */,
				392E96AE33B24A4DA52621CD /* GMPHAsset.m in Sources */,
				0376A053891940128441BA58 /* CDVInAppBrowser.m in Sources */,
			);
			runOnlyForDeploymentPostprocessing = 0;
		};
/* End PBXSourcesBuildPhase section */

/* Begin PBXTargetDependency section */
		301BF551109A68C00062928A /* PBXTargetDependency */ = {
			isa = PBXTargetDependency;
			name = CordovaLib;
			targetProxy = 301BF550109A68C00062928A /* PBXContainerItemProxy */;
		};
/* End PBXTargetDependency section */

/* Begin XCBuildConfiguration section */
		1D6058940D05DD3E006BFB54 /* Debug */ = {
			isa = XCBuildConfiguration;
			baseConfigurationReference = 3047A50F1AB8059700498E2A /* build-debug.xcconfig */;
			buildSettings = {
				ALWAYS_SEARCH_USER_PATHS = NO;
				ASSETCATALOG_COMPILER_APPICON_NAME = AppIcon;
				ASSETCATALOG_COMPILER_LAUNCHIMAGE_NAME = LaunchImage;
				CLANG_ENABLE_MODULES = YES;
				CLANG_ENABLE_OBJC_ARC = YES;
				COPY_PHASE_STRIP = NO;
				GCC_DYNAMIC_NO_PIC = NO;
				GCC_OPTIMIZATION_LEVEL = 0;
				GCC_PRECOMPILE_PREFIX_HEADER = YES;
				GCC_PREFIX_HEADER = "Briddgge/Briddgge-Prefix.pch";
				GCC_THUMB_SUPPORT = NO;
				GCC_VERSION = "";
				INFOPLIST_FILE = "Briddgge/Briddgge-Info.plist";
				IPHONEOS_DEPLOYMENT_TARGET = 9.0;
				LD_RUNPATH_SEARCH_PATHS = "@executable_path/Frameworks";
				TARGETED_DEVICE_FAMILY = "1,2";
				PRODUCT_NAME = "Briddgge";
			};
			name = Debug;
		};
		1D6058950D05DD3E006BFB54 /* Release */ = {
			isa = XCBuildConfiguration;
			baseConfigurationReference = 3047A5101AB8059700498E2A /* build-release.xcconfig */;
			buildSettings = {
				ALWAYS_SEARCH_USER_PATHS = NO;
				ASSETCATALOG_COMPILER_APPICON_NAME = AppIcon;
				ASSETCATALOG_COMPILER_LAUNCHIMAGE_NAME = LaunchImage;
				CLANG_ENABLE_MODULES = YES;
				CLANG_ENABLE_OBJC_ARC = YES;
				COPY_PHASE_STRIP = YES;
				GCC_PRECOMPILE_PREFIX_HEADER = YES;
				GCC_PREFIX_HEADER = "Briddgge/Briddgge-Prefix.pch";
				GCC_THUMB_SUPPORT = NO;
				GCC_VERSION = "";
				INFOPLIST_FILE = "Briddgge/Briddgge-Info.plist";
				IPHONEOS_DEPLOYMENT_TARGET = 9.0;
				LD_RUNPATH_SEARCH_PATHS = "@executable_path/Frameworks";
				TARGETED_DEVICE_FAMILY = "1,2";
				PRODUCT_NAME = "Briddgge";
			};
			name = Release;
		};
		C01FCF4F08A954540054247B /* Debug */ = {
			isa = XCBuildConfiguration;
			baseConfigurationReference = 3047A5111AB8059700498E2A /* build.xcconfig */;
			buildSettings = {
				CLANG_ENABLE_MODULES = YES;
				CLANG_ENABLE_OBJC_ARC = YES;
				CLANG_WARN_BOOL_CONVERSION = YES;
				CLANG_WARN_CONSTANT_CONVERSION = YES;
				CLANG_WARN_EMPTY_BODY = YES;
				CLANG_WARN_ENUM_CONVERSION = YES;
				CLANG_WARN_INT_CONVERSION = YES;
				CLANG_WARN__DUPLICATE_METHOD_MATCH = YES;
				GCC_C_LANGUAGE_STANDARD = c99;
				GCC_THUMB_SUPPORT = NO;
				GCC_VERSION = "";
				GCC_WARN_ABOUT_RETURN_TYPE = YES;
				GCC_WARN_UNDECLARED_SELECTOR = YES;
				GCC_WARN_UNINITIALIZED_AUTOS = YES;
				GCC_WARN_UNUSED_FUNCTION = YES;
				GCC_WARN_UNUSED_VARIABLE = YES;
				ONLY_ACTIVE_ARCH = YES;
				SDKROOT = iphoneos;
				SKIP_INSTALL = NO;
				ASSETCATALOG_COMPILER_LAUNCHIMAGE_NAME = LaunchImage;
			};
			name = Debug;
		};
		C01FCF5008A954540054247B /* Release */ = {
			isa = XCBuildConfiguration;
			baseConfigurationReference = 3047A5111AB8059700498E2A /* build.xcconfig */;
			buildSettings = {
				CLANG_ENABLE_MODULES = YES;
				CLANG_ENABLE_OBJC_ARC = YES;
				CLANG_WARN_BOOL_CONVERSION = YES;
				CLANG_WARN_CONSTANT_CONVERSION = YES;
				CLANG_WARN_EMPTY_BODY = YES;
				CLANG_WARN_ENUM_CONVERSION = YES;
				CLANG_WARN_INT_CONVERSION = YES;
				CLANG_WARN__DUPLICATE_METHOD_MATCH = YES;
				GCC_C_LANGUAGE_STANDARD = c99;
				GCC_THUMB_SUPPORT = NO;
				GCC_VERSION = "";
				GCC_WARN_ABOUT_RETURN_TYPE = YES;
				GCC_WARN_UNDECLARED_SELECTOR = YES;
				GCC_WARN_UNINITIALIZED_AUTOS = YES;
				GCC_WARN_UNUSED_FUNCTION = YES;
				GCC_WARN_UNUSED_VARIABLE = YES;
				SDKROOT = iphoneos;
				SKIP_INSTALL = NO;
				ASSETCATALOG_COMPILER_LAUNCHIMAGE_NAME = LaunchImage;
			};
			name = Release;
		};
/* End XCBuildConfiguration section */

/* Begin XCConfigurationList section */
		1D6058960D05DD3E006BFB54 /* Build configuration list for PBXNativeTarget "Briddgge" */ = {
			isa = XCConfigurationList;
			buildConfigurations = (
				1D6058940D05DD3E006BFB54 /* Debug */,
				1D6058950D05DD3E006BFB54 /* Release */,
			);
			defaultConfigurationIsVisible = 0;
			defaultConfigurationName = Release;
		};
		C01FCF4E08A954540054247B /* Build configuration list for PBXProject "__NON-CLI__" */ = {
			isa = XCConfigurationList;
			buildConfigurations = (
				C01FCF4F08A954540054247B /* Debug */,
				C01FCF5008A954540054247B /* Release */,
			);
			defaultConfigurationIsVisible = 0;
			defaultConfigurationName = Release;
		};
/* End XCConfigurationList section */
	};
	rootObject = 29B97313FDCFA39411CA2CEA /* Project object */;
}
